// !$*UTF8*$!
{
	archiveVersion = 1;
	classes = {
	};
	objectVersion = 50;
	objects = {

/* Begin PBXBuildFile section */
		3023BB6CA4A4CA86B6C3B939 /* libPods-Demo Objective C.a in Frameworks */ = {isa = PBXBuildFile; fileRef = DEFDEB923399B14E32383B9C /* libPods-Demo Objective C.a */; };
		554A13D0235026F000742588 /* SideBarMenuViewController.m in Sources */ = {isa = PBXBuildFile; fileRef = 554A13CF235026F000742588 /* SideBarMenuViewController.m */; };
		554A13D323502C0400742588 /* CustomCellMenu.m in Sources */ = {isa = PBXBuildFile; fileRef = 554A13D223502C0400742588 /* CustomCellMenu.m */; };
		55681ABB234C2E9E000239A2 /* Email-AlertViewController.m in Sources */ = {isa = PBXBuildFile; fileRef = 55681ABA234C2E9E000239A2 /* Email-AlertViewController.m */; };
		55681ABE234C2EBD000239A2 /* MessageUI.framework in Frameworks */ = {isa = PBXBuildFile; fileRef = 55681ABD234C2EBD000239A2 /* MessageUI.framework */; };
		55681AC2234C4E1D000239A2 /* StorybroadViewController.m in Sources */ = {isa = PBXBuildFile; fileRef = 55681AC1234C4E1D000239A2 /* StorybroadViewController.m */; };
		55787C75234AD3A4000251C2 /* AppDelegate.m in Sources */ = {isa = PBXBuildFile; fileRef = 55787C74234AD3A4000251C2 /* AppDelegate.m */; };
		55787C78234AD3A4000251C2 /* ViewController.m in Sources */ = {isa = PBXBuildFile; fileRef = 55787C77234AD3A4000251C2 /* ViewController.m */; };
		55787C7B234AD3A4000251C2 /* Main.storyboard in Resources */ = {isa = PBXBuildFile; fileRef = 55787C79234AD3A4000251C2 /* Main.storyboard */; };
		55787C7D234AD3A5000251C2 /* Assets.xcassets in Resources */ = {isa = PBXBuildFile; fileRef = 55787C7C234AD3A5000251C2 /* Assets.xcassets */; };
		55787C80234AD3A5000251C2 /* LaunchScreen.storyboard in Resources */ = {isa = PBXBuildFile; fileRef = 55787C7E234AD3A5000251C2 /* LaunchScreen.storyboard */; };
		55787C83234AD3A5000251C2 /* main.m in Sources */ = {isa = PBXBuildFile; fileRef = 55787C82234AD3A5000251C2 /* main.m */; };
		55787C8C234AEE5A000251C2 /* Model.m in Sources */ = {isa = PBXBuildFile; fileRef = 55787C8B234AEE5A000251C2 /* Model.m */; };
		55787CC6234B1A81000251C2 /* SecondViewController.m in Sources */ = {isa = PBXBuildFile; fileRef = 55787CC5234B1A81000251C2 /* SecondViewController.m */; };
		55787CCA234B24F5000251C2 /* TimerViewController.m in Sources */ = {isa = PBXBuildFile; fileRef = 55787CC9234B24F5000251C2 /* TimerViewController.m */; };
		5581C24C234D8748007CE47D /* SliderViewController.m in Sources */ = {isa = PBXBuildFile; fileRef = 5581C24B234D8748007CE47D /* SliderViewController.m */; };
		5581C250234DC4CF007CE47D /* TableViewController.m in Sources */ = {isa = PBXBuildFile; fileRef = 5581C24F234DC4CF007CE47D /* TableViewController.m */; };
		5581C255234DCCBB007CE47D /* CustomCell.m in Sources */ = {isa = PBXBuildFile; fileRef = 5581C254234DCCBB007CE47D /* CustomCell.m */; };
		5581C259234DCDEA007CE47D /* CustomCellTableViewController.m in Sources */ = {isa = PBXBuildFile; fileRef = 5581C258234DCDEA007CE47D /* CustomCellTableViewController.m */; };
		5581C25D234DE227007CE47D /* CollectionViewController.m in Sources */ = {isa = PBXBuildFile; fileRef = 5581C25C234DE227007CE47D /* CollectionViewController.m */; };
		5581C260234DE714007CE47D /* DetailCollectionViewController.m in Sources */ = {isa = PBXBuildFile; fileRef = 5581C25F234DE714007CE47D /* DetailCollectionViewController.m */; };
		55E46A74234EE0530072112B /* PickerViewController.m in Sources */ = {isa = PBXBuildFile; fileRef = 55E46A73234EE0530072112B /* PickerViewController.m */; };
		55E46A78234F09580072112B /* SegmentViewController.m in Sources */ = {isa = PBXBuildFile; fileRef = 55E46A77234F09580072112B /* SegmentViewController.m */; };
		55E46A7C234F247D0072112B /* LocalNotificationViewController.m in Sources */ = {isa = PBXBuildFile; fileRef = 55E46A7B234F247D0072112B /* LocalNotificationViewController.m */; };
		55E46A7E234F257B0072112B /* UserNotifications.framework in Frameworks */ = {isa = PBXBuildFile; fileRef = 55E46A7D234F257B0072112B /* UserNotifications.framework */; };
		55FECD372350385F00F9F33F /* GoogleViewController.m in Sources */ = {isa = PBXBuildFile; fileRef = 55FECD362350385F00F9F33F /* GoogleViewController.m */; };
		55FECD3A2350387B00F9F33F /* FacebookViewController.m in Sources */ = {isa = PBXBuildFile; fileRef = 55FECD392350387B00F9F33F /* FacebookViewController.m */; };
		55FECD3E23503D9B00F9F33F /* ExpandingAndCollapsingViewController.m in Sources */ = {isa = PBXBuildFile; fileRef = 55FECD3D23503D9B00F9F33F /* ExpandingAndCollapsingViewController.m */; };
		55FECD4123503EDC00F9F33F /* ExpandingCell.xib in Resources */ = {isa = PBXBuildFile; fileRef = 55FECD4023503EDC00F9F33F /* ExpandingCell.xib */; };
		55FECD4423503EF200F9F33F /* ExpandingCell.m in Sources */ = {isa = PBXBuildFile; fileRef = 55FECD4323503EF200F9F33F /* ExpandingCell.m */; };
		55FECD482350753D00F9F33F /* FacebookIntegrationViewController.m in Sources */ = {isa = PBXBuildFile; fileRef = 55FECD472350753D00F9F33F /* FacebookIntegrationViewController.m */; };
/* End PBXBuildFile section */

/* Begin PBXFileReference section */
		554A13CE235026F000742588 /* SideBarMenuViewController.h */ = {isa = PBXFileReference; lastKnownFileType = sourcecode.c.h; path = SideBarMenuViewController.h; sourceTree = "<group>"; };
		554A13CF235026F000742588 /* SideBarMenuViewController.m */ = {isa = PBXFileReference; lastKnownFileType = sourcecode.c.objc; path = SideBarMenuViewController.m; sourceTree = "<group>"; };
		554A13D123502C0400742588 /* CustomCellMenu.h */ = {isa = PBXFileReference; lastKnownFileType = sourcecode.c.h; path = CustomCellMenu.h; sourceTree = "<group>"; };
		554A13D223502C0400742588 /* CustomCellMenu.m */ = {isa = PBXFileReference; lastKnownFileType = sourcecode.c.objc; path = CustomCellMenu.m; sourceTree = "<group>"; };
		55681AB9234C2E9E000239A2 /* Email-AlertViewController.h */ = {isa = PBXFileReference; lastKnownFileType = sourcecode.c.h; path = "Email-AlertViewController.h"; sourceTree = "<group>"; };
		55681ABA234C2E9E000239A2 /* Email-AlertViewController.m */ = {isa = PBXFileReference; lastKnownFileType = sourcecode.c.objc; path = "Email-AlertViewController.m"; sourceTree = "<group>"; };
		55681ABD234C2EBD000239A2 /* MessageUI.framework */ = {isa = PBXFileReference; lastKnownFileType = wrapper.framework; name = MessageUI.framework; path = System/Library/Frameworks/MessageUI.framework; sourceTree = SDKROOT; };
		55681AC0234C4E1D000239A2 /* StorybroadViewController.h */ = {isa = PBXFileReference; lastKnownFileType = sourcecode.c.h; path = StorybroadViewController.h; sourceTree = "<group>"; };
		55681AC1234C4E1D000239A2 /* StorybroadViewController.m */ = {isa = PBXFileReference; lastKnownFileType = sourcecode.c.objc; path = StorybroadViewController.m; sourceTree = "<group>"; };
		55787C70234AD3A4000251C2 /* Demo Objective C.app */ = {isa = PBXFileReference; explicitFileType = wrapper.application; includeInIndex = 0; path = "Demo Objective C.app"; sourceTree = BUILT_PRODUCTS_DIR; };
		55787C73234AD3A4000251C2 /* AppDelegate.h */ = {isa = PBXFileReference; lastKnownFileType = sourcecode.c.h; path = AppDelegate.h; sourceTree = "<group>"; };
		55787C74234AD3A4000251C2 /* AppDelegate.m */ = {isa = PBXFileReference; lastKnownFileType = sourcecode.c.objc; path = AppDelegate.m; sourceTree = "<group>"; };
		55787C76234AD3A4000251C2 /* ViewController.h */ = {isa = PBXFileReference; lastKnownFileType = sourcecode.c.h; path = ViewController.h; sourceTree = "<group>"; };
		55787C77234AD3A4000251C2 /* ViewController.m */ = {isa = PBXFileReference; lastKnownFileType = sourcecode.c.objc; path = ViewController.m; sourceTree = "<group>"; };
		55787C7A234AD3A4000251C2 /* Base */ = {isa = PBXFileReference; lastKnownFileType = file.storyboard; name = Base; path = Base.lproj/Main.storyboard; sourceTree = "<group>"; };
		55787C7C234AD3A5000251C2 /* Assets.xcassets */ = {isa = PBXFileReference; lastKnownFileType = folder.assetcatalog; path = Assets.xcassets; sourceTree = "<group>"; };
		55787C7F234AD3A5000251C2 /* Base */ = {isa = PBXFileReference; lastKnownFileType = file.storyboard; name = Base; path = Base.lproj/LaunchScreen.storyboard; sourceTree = "<group>"; };
		55787C81234AD3A5000251C2 /* Info.plist */ = {isa = PBXFileReference; lastKnownFileType = text.plist.xml; path = Info.plist; sourceTree = "<group>"; };
		55787C82234AD3A5000251C2 /* main.m */ = {isa = PBXFileReference; lastKnownFileType = sourcecode.c.objc; path = main.m; sourceTree = "<group>"; };
		55787C8A234AEE5A000251C2 /* Model.h */ = {isa = PBXFileReference; lastKnownFileType = sourcecode.c.h; path = Model.h; sourceTree = "<group>"; };
		55787C8B234AEE5A000251C2 /* Model.m */ = {isa = PBXFileReference; lastKnownFileType = sourcecode.c.objc; path = Model.m; sourceTree = "<group>"; };
		55787CC4234B1A81000251C2 /* SecondViewController.h */ = {isa = PBXFileReference; lastKnownFileType = sourcecode.c.h; path = SecondViewController.h; sourceTree = "<group>"; };
		55787CC5234B1A81000251C2 /* SecondViewController.m */ = {isa = PBXFileReference; lastKnownFileType = sourcecode.c.objc; path = SecondViewController.m; sourceTree = "<group>"; };
		55787CC8234B24F5000251C2 /* TimerViewController.h */ = {isa = PBXFileReference; lastKnownFileType = sourcecode.c.h; path = TimerViewController.h; sourceTree = "<group>"; };
		55787CC9234B24F5000251C2 /* TimerViewController.m */ = {isa = PBXFileReference; lastKnownFileType = sourcecode.c.objc; path = TimerViewController.m; sourceTree = "<group>"; };
		5581C24A234D8748007CE47D /* SliderViewController.h */ = {isa = PBXFileReference; lastKnownFileType = sourcecode.c.h; path = SliderViewController.h; sourceTree = "<group>"; };
		5581C24B234D8748007CE47D /* SliderViewController.m */ = {isa = PBXFileReference; lastKnownFileType = sourcecode.c.objc; path = SliderViewController.m; sourceTree = "<group>"; };
		5581C24E234DC4CF007CE47D /* TableViewController.h */ = {isa = PBXFileReference; lastKnownFileType = sourcecode.c.h; path = TableViewController.h; sourceTree = "<group>"; };
		5581C24F234DC4CF007CE47D /* TableViewController.m */ = {isa = PBXFileReference; lastKnownFileType = sourcecode.c.objc; path = TableViewController.m; sourceTree = "<group>"; };
		5581C253234DCCBB007CE47D /* CustomCell.h */ = {isa = PBXFileReference; lastKnownFileType = sourcecode.c.h; path = CustomCell.h; sourceTree = "<group>"; };
		5581C254234DCCBB007CE47D /* CustomCell.m */ = {isa = PBXFileReference; lastKnownFileType = sourcecode.c.objc; path = CustomCell.m; sourceTree = "<group>"; };
		5581C257234DCDEA007CE47D /* CustomCellTableViewController.h */ = {isa = PBXFileReference; lastKnownFileType = sourcecode.c.h; path = CustomCellTableViewController.h; sourceTree = "<group>"; };
		5581C258234DCDEA007CE47D /* CustomCellTableViewController.m */ = {isa = PBXFileReference; lastKnownFileType = sourcecode.c.objc; path = CustomCellTableViewController.m; sourceTree = "<group>"; };
		5581C25B234DE227007CE47D /* CollectionViewController.h */ = {isa = PBXFileReference; lastKnownFileType = sourcecode.c.h; path = CollectionViewController.h; sourceTree = "<group>"; };
		5581C25C234DE227007CE47D /* CollectionViewController.m */ = {isa = PBXFileReference; lastKnownFileType = sourcecode.c.objc; path = CollectionViewController.m; sourceTree = "<group>"; };
		5581C25E234DE714007CE47D /* DetailCollectionViewController.h */ = {isa = PBXFileReference; lastKnownFileType = sourcecode.c.h; path = DetailCollectionViewController.h; sourceTree = "<group>"; };
		5581C25F234DE714007CE47D /* DetailCollectionViewController.m */ = {isa = PBXFileReference; lastKnownFileType = sourcecode.c.objc; path = DetailCollectionViewController.m; sourceTree = "<group>"; };
		55E46A72234EE0530072112B /* PickerViewController.h */ = {isa = PBXFileReference; lastKnownFileType = sourcecode.c.h; path = PickerViewController.h; sourceTree = "<group>"; };
		55E46A73234EE0530072112B /* PickerViewController.m */ = {isa = PBXFileReference; lastKnownFileType = sourcecode.c.objc; path = PickerViewController.m; sourceTree = "<group>"; };
		55E46A76234F09580072112B /* SegmentViewController.h */ = {isa = PBXFileReference; lastKnownFileType = sourcecode.c.h; path = SegmentViewController.h; sourceTree = "<group>"; };
		55E46A77234F09580072112B /* SegmentViewController.m */ = {isa = PBXFileReference; lastKnownFileType = sourcecode.c.objc; path = SegmentViewController.m; sourceTree = "<group>"; };
		55E46A7A234F247D0072112B /* LocalNotificationViewController.h */ = {isa = PBXFileReference; lastKnownFileType = sourcecode.c.h; path = LocalNotificationViewController.h; sourceTree = "<group>"; };
		55E46A7B234F247D0072112B /* LocalNotificationViewController.m */ = {isa = PBXFileReference; lastKnownFileType = sourcecode.c.objc; path = LocalNotificationViewController.m; sourceTree = "<group>"; };
		55E46A7D234F257B0072112B /* UserNotifications.framework */ = {isa = PBXFileReference; lastKnownFileType = wrapper.framework; name = UserNotifications.framework; path = System/Library/Frameworks/UserNotifications.framework; sourceTree = SDKROOT; };
		55FECD352350385F00F9F33F /* GoogleViewController.h */ = {isa = PBXFileReference; lastKnownFileType = sourcecode.c.h; path = GoogleViewController.h; sourceTree = "<group>"; };
		55FECD362350385F00F9F33F /* GoogleViewController.m */ = {isa = PBXFileReference; lastKnownFileType = sourcecode.c.objc; path = GoogleViewController.m; sourceTree = "<group>"; };
		55FECD382350387B00F9F33F /* FacebookViewController.h */ = {isa = PBXFileReference; lastKnownFileType = sourcecode.c.h; path = FacebookViewController.h; sourceTree = "<group>"; };
		55FECD392350387B00F9F33F /* FacebookViewController.m */ = {isa = PBXFileReference; lastKnownFileType = sourcecode.c.objc; path = FacebookViewController.m; sourceTree = "<group>"; };
		55FECD3C23503D9B00F9F33F /* ExpandingAndCollapsingViewController.h */ = {isa = PBXFileReference; lastKnownFileType = sourcecode.c.h; path = ExpandingAndCollapsingViewController.h; sourceTree = "<group>"; };
		55FECD3D23503D9B00F9F33F /* ExpandingAndCollapsingViewController.m */ = {isa = PBXFileReference; lastKnownFileType = sourcecode.c.objc; path = ExpandingAndCollapsingViewController.m; sourceTree = "<group>"; };
		55FECD4023503EDC00F9F33F /* ExpandingCell.xib */ = {isa = PBXFileReference; lastKnownFileType = file.xib; path = ExpandingCell.xib; sourceTree = "<group>"; };
		55FECD4223503EF200F9F33F /* ExpandingCell.h */ = {isa = PBXFileReference; lastKnownFileType = sourcecode.c.h; path = ExpandingCell.h; sourceTree = "<group>"; };
		55FECD4323503EF200F9F33F /* ExpandingCell.m */ = {isa = PBXFileReference; lastKnownFileType = sourcecode.c.objc; path = ExpandingCell.m; sourceTree = "<group>"; };
		55FECD462350753D00F9F33F /* FacebookIntegrationViewController.h */ = {isa = PBXFileReference; lastKnownFileType = sourcecode.c.h; path = FacebookIntegrationViewController.h; sourceTree = "<group>"; };
		55FECD472350753D00F9F33F /* FacebookIntegrationViewController.m */ = {isa = PBXFileReference; lastKnownFileType = sourcecode.c.objc; path = FacebookIntegrationViewController.m; sourceTree = "<group>"; };
		900DA06BE578546A18D374EE /* Pods-Demo Objective C.release.xcconfig */ = {isa = PBXFileReference; includeInIndex = 1; lastKnownFileType = text.xcconfig; name = "Pods-Demo Objective C.release.xcconfig"; path = "Target Support Files/Pods-Demo Objective C/Pods-Demo Objective C.release.xcconfig"; sourceTree = "<group>"; };
		DEFDEB923399B14E32383B9C /* libPods-Demo Objective C.a */ = {isa = PBXFileReference; explicitFileType = archive.ar; includeInIndex = 0; path = "libPods-Demo Objective C.a"; sourceTree = BUILT_PRODUCTS_DIR; };
		DF918A79D4FD0EACAA4EAF98 /* Pods-Demo Objective C.debug.xcconfig */ = {isa = PBXFileReference; includeInIndex = 1; lastKnownFileType = text.xcconfig; name = "Pods-Demo Objective C.debug.xcconfig"; path = "Target Support Files/Pods-Demo Objective C/Pods-Demo Objective C.debug.xcconfig"; sourceTree = "<group>"; };
/* End PBXFileReference section */

/* Begin PBXFrameworksBuildPhase section */
		55787C6D234AD3A4000251C2 /* Frameworks */ = {
			isa = PBXFrameworksBuildPhase;
			buildActionMask = 2147483647;
			files = (
				55E46A7E234F257B0072112B /* UserNotifications.framework in Frameworks */,
				55681ABE234C2EBD000239A2 /* MessageUI.framework in Frameworks */,
				3023BB6CA4A4CA86B6C3B939 /* libPods-Demo Objective C.a in Frameworks */,
			);
			runOnlyForDeploymentPostprocessing = 0;
		};
/* End PBXFrameworksBuildPhase section */

/* Begin PBXGroup section */
		27ECED84F3D99FE39C8274EB /* Pods */ = {
			isa = PBXGroup;
			children = (
				DF918A79D4FD0EACAA4EAF98 /* Pods-Demo Objective C.debug.xcconfig */,
				900DA06BE578546A18D374EE /* Pods-Demo Objective C.release.xcconfig */,
			);
			path = Pods;
			sourceTree = "<group>";
		};
		554A13CD235023F700742588 /* SideBar Menu */ = {
			isa = PBXGroup;
			children = (
				55FECD342350380700F9F33F /* DetailController */,
				554A13CE235026F000742588 /* SideBarMenuViewController.h */,
				554A13CF235026F000742588 /* SideBarMenuViewController.m */,
				554A13D123502C0400742588 /* CustomCellMenu.h */,
				554A13D223502C0400742588 /* CustomCellMenu.m */,
			);
			path = "SideBar Menu";
			sourceTree = "<group>";
		};
		55681AB8234C2E4B000239A2 /* Email-Alert */ = {
			isa = PBXGroup;
			children = (
				55681AB9234C2E9E000239A2 /* Email-AlertViewController.h */,
				55681ABA234C2E9E000239A2 /* Email-AlertViewController.m */,
			);
			path = "Email-Alert";
			sourceTree = "<group>";
		};
		55681ABC234C2EBD000239A2 /* Frameworks */ = {
			isa = PBXGroup;
			children = (
				55E46A7D234F257B0072112B /* UserNotifications.framework */,
				55681ABD234C2EBD000239A2 /* MessageUI.framework */,
				DEFDEB923399B14E32383B9C /* libPods-Demo Objective C.a */,
			);
			name = Frameworks;
			sourceTree = "<group>";
		};
		55681ABF234C4DE5000239A2 /* Storybroad */ = {
			isa = PBXGroup;
			children = (
				55681AC0234C4E1D000239A2 /* StorybroadViewController.h */,
				55681AC1234C4E1D000239A2 /* StorybroadViewController.m */,
			);
			path = Storybroad;
			sourceTree = "<group>";
		};
		55787C67234AD3A4000251C2 = {
			isa = PBXGroup;
			children = (
				55787C72234AD3A4000251C2 /* Demo Objective C */,
				55787C71234AD3A4000251C2 /* Products */,
				55681ABC234C2EBD000239A2 /* Frameworks */,
				27ECED84F3D99FE39C8274EB /* Pods */,
			);
			sourceTree = "<group>";
		};
		55787C71234AD3A4000251C2 /* Products */ = {
			isa = PBXGroup;
			children = (
				55787C70234AD3A4000251C2 /* Demo Objective C.app */,
			);
			name = Products;
			sourceTree = "<group>";
		};
		55787C72234AD3A4000251C2 /* Demo Objective C */ = {
			isa = PBXGroup;
			children = (
				55787C8D234AEF10000251C2 /* Resource */,
				55787C8F234AEF56000251C2 /* Controller */,
				55787C8E234AEF42000251C2 /* View */,
				55787C89234AEE1B000251C2 /* Model */,
			);
			path = "Demo Objective C";
			sourceTree = "<group>";
		};
		55787C89234AEE1B000251C2 /* Model */ = {
			isa = PBXGroup;
			children = (
				55787C8A234AEE5A000251C2 /* Model.h */,
				55787C8B234AEE5A000251C2 /* Model.m */,
			);
			path = Model;
			sourceTree = "<group>";
		};
		55787C8D234AEF10000251C2 /* Resource */ = {
			isa = PBXGroup;
			children = (
				55787C73234AD3A4000251C2 /* AppDelegate.h */,
				55787C74234AD3A4000251C2 /* AppDelegate.m */,
				55787C79234AD3A4000251C2 /* Main.storyboard */,
				55787C7C234AD3A5000251C2 /* Assets.xcassets */,
				55787C7E234AD3A5000251C2 /* LaunchScreen.storyboard */,
				55787C81234AD3A5000251C2 /* Info.plist */,
				55787C82234AD3A5000251C2 /* main.m */,
			);
			path = Resource;
			sourceTree = "<group>";
		};
		55787C8E234AEF42000251C2 /* View */ = {
			isa = PBXGroup;
			children = (
			);
			path = View;
			sourceTree = "<group>";
		};
		55787C8F234AEF56000251C2 /* Controller */ = {
			isa = PBXGroup;
			children = (
				55FECD45235074FB00F9F33F /* Facebook Integration */,
				55FECD3B23503CD000F9F33F /* ExpandingAndCollapsingTableView */,
				554A13CD235023F700742588 /* SideBar Menu */,
				55E46A79234F23570072112B /* LocalNotification */,
				55E46A75234F09160072112B /* Segment Control */,
				55E46A71234EE0220072112B /* PickerView */,
				5581C25A234DE12B007CE47D /* CollectionView */,
				5581C256234DCDAF007CE47D /* TableViewCustomCell */,
				5581C24D234DC448007CE47D /* TableView */,
				5581C248234D8728007CE47D /* Slider-Label */,
				55681ABF234C4DE5000239A2 /* Storybroad */,
				55681AB8234C2E4B000239A2 /* Email-Alert */,
				55787CC7234B24DB000251C2 /* Timer */,
				55787CC3234B1A49000251C2 /* Segue */,
			);
			path = Controller;
			sourceTree = "<group>";
		};
		55787CC3234B1A49000251C2 /* Segue */ = {
			isa = PBXGroup;
			children = (
				55787C76234AD3A4000251C2 /* ViewController.h */,
				55787C77234AD3A4000251C2 /* ViewController.m */,
				55787CC4234B1A81000251C2 /* SecondViewController.h */,
				55787CC5234B1A81000251C2 /* SecondViewController.m */,
			);
			path = Segue;
			sourceTree = "<group>";
		};
		55787CC7234B24DB000251C2 /* Timer */ = {
			isa = PBXGroup;
			children = (
				55787CC8234B24F5000251C2 /* TimerViewController.h */,
				55787CC9234B24F5000251C2 /* TimerViewController.m */,
			);
			path = Timer;
			sourceTree = "<group>";
		};
		5581C248234D8728007CE47D /* Slider-Label */ = {
			isa = PBXGroup;
			children = (
				5581C24A234D8748007CE47D /* SliderViewController.h */,
				5581C24B234D8748007CE47D /* SliderViewController.m */,
			);
			path = "Slider-Label";
			sourceTree = "<group>";
		};
		5581C24D234DC448007CE47D /* TableView */ = {
			isa = PBXGroup;
			children = (
				5581C24E234DC4CF007CE47D /* TableViewController.h */,
				5581C24F234DC4CF007CE47D /* TableViewController.m */,
			);
			path = TableView;
			sourceTree = "<group>";
		};
		5581C251234DCC93007CE47D /* CustomCell */ = {
			isa = PBXGroup;
			children = (
				5581C253234DCCBB007CE47D /* CustomCell.h */,
				5581C254234DCCBB007CE47D /* CustomCell.m */,
			);
			path = CustomCell;
			sourceTree = "<group>";
		};
		5581C256234DCDAF007CE47D /* TableViewCustomCell */ = {
			isa = PBXGroup;
			children = (
				5581C251234DCC93007CE47D /* CustomCell */,
				5581C257234DCDEA007CE47D /* CustomCellTableViewController.h */,
				5581C258234DCDEA007CE47D /* CustomCellTableViewController.m */,
			);
			path = TableViewCustomCell;
			sourceTree = "<group>";
		};
		5581C25A234DE12B007CE47D /* CollectionView */ = {
			isa = PBXGroup;
			children = (
				5581C25B234DE227007CE47D /* CollectionViewController.h */,
				5581C25C234DE227007CE47D /* CollectionViewController.m */,
				5581C25E234DE714007CE47D /* DetailCollectionViewController.h */,
				5581C25F234DE714007CE47D /* DetailCollectionViewController.m */,
			);
			path = CollectionView;
			sourceTree = "<group>";
		};
		55E46A71234EE0220072112B /* PickerView */ = {
			isa = PBXGroup;
			children = (
				55E46A72234EE0530072112B /* PickerViewController.h */,
				55E46A73234EE0530072112B /* PickerViewController.m */,
			);
			path = PickerView;
			sourceTree = "<group>";
		};
		55E46A75234F09160072112B /* Segment Control */ = {
			isa = PBXGroup;
			children = (
				55E46A76234F09580072112B /* SegmentViewController.h */,
				55E46A77234F09580072112B /* SegmentViewController.m */,
			);
			path = "Segment Control";
			sourceTree = "<group>";
		};
		55E46A79234F23570072112B /* LocalNotification */ = {
			isa = PBXGroup;
			children = (
				55E46A7A234F247D0072112B /* LocalNotificationViewController.h */,
				55E46A7B234F247D0072112B /* LocalNotificationViewController.m */,
			);
			path = LocalNotification;
			sourceTree = "<group>";
		};
		55FECD342350380700F9F33F /* DetailController */ = {
			isa = PBXGroup;
			children = (
				55FECD352350385F00F9F33F /* GoogleViewController.h */,
				55FECD362350385F00F9F33F /* GoogleViewController.m */,
				55FECD382350387B00F9F33F /* FacebookViewController.h */,
				55FECD392350387B00F9F33F /* FacebookViewController.m */,
			);
			path = DetailController;
			sourceTree = "<group>";
		};
		55FECD3B23503CD000F9F33F /* ExpandingAndCollapsingTableView */ = {
			isa = PBXGroup;
			children = (
				55FECD3F23503EA000F9F33F /* ExpandingCell */,
				55FECD3C23503D9B00F9F33F /* ExpandingAndCollapsingViewController.h */,
				55FECD3D23503D9B00F9F33F /* ExpandingAndCollapsingViewController.m */,
			);
			path = ExpandingAndCollapsingTableView;
			sourceTree = "<group>";
		};
		55FECD3F23503EA000F9F33F /* ExpandingCell */ = {
			isa = PBXGroup;
			children = (
				55FECD4023503EDC00F9F33F /* ExpandingCell.xib */,
				55FECD4223503EF200F9F33F /* ExpandingCell.h */,
				55FECD4323503EF200F9F33F /* ExpandingCell.m */,
			);
			path = ExpandingCell;
			sourceTree = "<group>";
		};
		55FECD45235074FB00F9F33F /* Facebook Integration */ = {
			isa = PBXGroup;
			children = (
				55FECD462350753D00F9F33F /* FacebookIntegrationViewController.h */,
				55FECD472350753D00F9F33F /* FacebookIntegrationViewController.m */,
			);
			path = "Facebook Integration";
			sourceTree = "<group>";
		};
/* End PBXGroup section */

/* Begin PBXNativeTarget section */
		55787C6F234AD3A4000251C2 /* Demo Objective C */ = {
			isa = PBXNativeTarget;
			buildConfigurationList = 55787C86234AD3A5000251C2 /* Build configuration list for PBXNativeTarget "Demo Objective C" */;
			buildPhases = (
				CEB691BA9BFAB33ED0A7EE3F /* [CP] Check Pods Manifest.lock */,
				55787C6C234AD3A4000251C2 /* Sources */,
				55787C6D234AD3A4000251C2 /* Frameworks */,
				55787C6E234AD3A4000251C2 /* Resources */,
				F43BB3895B45B9B17E959B0A /* [CP] Copy Pods Resources */,
			);
			buildRules = (
			);
			dependencies = (
			);
			name = "Demo Objective C";
			productName = "Demo Objective C";
			productReference = 55787C70234AD3A4000251C2 /* Demo Objective C.app */;
			productType = "com.apple.product-type.application";
		};
/* End PBXNativeTarget section */

/* Begin PBXProject section */
		55787C68234AD3A4000251C2 /* Project object */ = {
			isa = PBXProject;
			attributes = {
				LastUpgradeCheck = 1030;
				ORGANIZATIONNAME = DongNV;
				TargetAttributes = {
					55787C6F234AD3A4000251C2 = {
						CreatedOnToolsVersion = 10.3;
					};
				};
			};
			buildConfigurationList = 55787C6B234AD3A4000251C2 /* Build configuration list for PBXProject "Demo Objective C" */;
			compatibilityVersion = "Xcode 9.3";
			developmentRegion = en;
			hasScannedForEncodings = 0;
			knownRegions = (
				en,
				Base,
			);
			mainGroup = 55787C67234AD3A4000251C2;
			productRefGroup = 55787C71234AD3A4000251C2 /* Products */;
			projectDirPath = "";
			projectRoot = "";
			targets = (
				55787C6F234AD3A4000251C2 /* Demo Objective C */,
			);
		};
/* End PBXProject section */

/* Begin PBXResourcesBuildPhase section */
		55787C6E234AD3A4000251C2 /* Resources */ = {
			isa = PBXResourcesBuildPhase;
			buildActionMask = 2147483647;
			files = (
				55FECD4123503EDC00F9F33F /* ExpandingCell.xib in Resources */,
				55787C80234AD3A5000251C2 /* LaunchScreen.storyboard in Resources */,
				55787C7D234AD3A5000251C2 /* Assets.xcassets in Resources */,
				55787C7B234AD3A4000251C2 /* Main.storyboard in Resources */,
			);
			runOnlyForDeploymentPostprocessing = 0;
		};
/* End PBXResourcesBuildPhase section */

/* Begin PBXShellScriptBuildPhase section */
		CEB691BA9BFAB33ED0A7EE3F /* [CP] Check Pods Manifest.lock */ = {
			isa = PBXShellScriptBuildPhase;
			buildActionMask = 2147483647;
			files = (
			);
			inputFileListPaths = (
			);
			inputPaths = (
				"${PODS_PODFILE_DIR_PATH}/Podfile.lock",
				"${PODS_ROOT}/Manifest.lock",
			);
			name = "[CP] Check Pods Manifest.lock";
			outputFileListPaths = (
			);
			outputPaths = (
				"$(DERIVED_FILE_DIR)/Pods-Demo Objective C-checkManifestLockResult.txt",
			);
			runOnlyForDeploymentPostprocessing = 0;
			shellPath = /bin/sh;
			shellScript = "diff \"${PODS_PODFILE_DIR_PATH}/Podfile.lock\" \"${PODS_ROOT}/Manifest.lock\" > /dev/null\nif [ $? != 0 ] ; then\n    # print error to STDERR\n    echo \"error: The sandbox is not in sync with the Podfile.lock. Run 'pod install' or update your CocoaPods installation.\" >&2\n    exit 1\nfi\n# This output is used by Xcode 'outputs' to avoid re-running this script phase.\necho \"SUCCESS\" > \"${SCRIPT_OUTPUT_FILE_0}\"\n";
			showEnvVarsInLog = 0;
		};
		F43BB3895B45B9B17E959B0A /* [CP] Copy Pods Resources */ = {
			isa = PBXShellScriptBuildPhase;
			buildActionMask = 2147483647;
			files = (
			);
			inputFileListPaths = (
			);
			inputPaths = (
				"${PODS_ROOT}/Target Support Files/Pods-Demo Objective C/Pods-Demo Objective C-resources.sh",
				"${PODS_ROOT}/FBSDKCoreKit/FacebookSDKStrings.bundle",
			);
			name = "[CP] Copy Pods Resources";
			outputFileListPaths = (
			);
			outputPaths = (
				"${TARGET_BUILD_DIR}/${UNLOCALIZED_RESOURCES_FOLDER_PATH}/FacebookSDKStrings.bundle",
			);
			runOnlyForDeploymentPostprocessing = 0;
			shellPath = /bin/sh;
			shellScript = "\"${PODS_ROOT}/Target Support Files/Pods-Demo Objective C/Pods-Demo Objective C-resources.sh\"\n";
			showEnvVarsInLog = 0;
		};
/* End PBXShellScriptBuildPhase section */

/* Begin PBXSourcesBuildPhase section */
		55787C6C234AD3A4000251C2 /* Sources */ = {
			isa = PBXSourcesBuildPhase;
			buildActionMask = 2147483647;
			files = (
				55681ABB234C2E9E000239A2 /* Email-AlertViewController.m in Sources */,
				55FECD3E23503D9B00F9F33F /* ExpandingAndCollapsingViewController.m in Sources */,
				55787CCA234B24F5000251C2 /* TimerViewController.m in Sources */,
				55FECD482350753D00F9F33F /* FacebookIntegrationViewController.m in Sources */,
				5581C255234DCCBB007CE47D /* CustomCell.m in Sources */,
				55787CC6234B1A81000251C2 /* SecondViewController.m in Sources */,
				554A13D323502C0400742588 /* CustomCellMenu.m in Sources */,
				55FECD372350385F00F9F33F /* GoogleViewController.m in Sources */,
				554A13D0235026F000742588 /* SideBarMenuViewController.m in Sources */,
				55E46A78234F09580072112B /* SegmentViewController.m in Sources */,
				5581C259234DCDEA007CE47D /* CustomCellTableViewController.m in Sources */,
				55FECD3A2350387B00F9F33F /* FacebookViewController.m in Sources */,
				55E46A7C234F247D0072112B /* LocalNotificationViewController.m in Sources */,
				5581C250234DC4CF007CE47D /* TableViewController.m in Sources */,
				55787C78234AD3A4000251C2 /* ViewController.m in Sources */,
				55FECD4423503EF200F9F33F /* ExpandingCell.m in Sources */,
				55E46A74234EE0530072112B /* PickerViewController.m in Sources */,
				55787C83234AD3A5000251C2 /* main.m in Sources */,
				55681AC2234C4E1D000239A2 /* StorybroadViewController.m in Sources */,
				55787C75234AD3A4000251C2 /* AppDelegate.m in Sources */,
				5581C260234DE714007CE47D /* DetailCollectionViewController.m in Sources */,
				5581C25D234DE227007CE47D /* CollectionViewController.m in Sources */,
				5581C24C234D8748007CE47D /* SliderViewController.m in Sources */,
				55787C8C234AEE5A000251C2 /* Model.m in Sources */,
			);
			runOnlyForDeploymentPostprocessing = 0;
		};
/* End PBXSourcesBuildPhase section */

/* Begin PBXVariantGroup section */
		55787C79234AD3A4000251C2 /* Main.storyboard */ = {
			isa = PBXVariantGroup;
			children = (
				55787C7A234AD3A4000251C2 /* Base */,
			);
			name = Main.storyboard;
			sourceTree = "<group>";
		};
		55787C7E234AD3A5000251C2 /* LaunchScreen.storyboard */ = {
			isa = PBXVariantGroup;
			children = (
				55787C7F234AD3A5000251C2 /* Base */,
			);
			name = LaunchScreen.storyboard;
			sourceTree = "<group>";
		};
/* End PBXVariantGroup section */

/* Begin XCBuildConfiguration section */
		55787C84234AD3A5000251C2 /* Debug */ = {
			isa = XCBuildConfiguration;
			buildSettings = {
				ALWAYS_SEARCH_USER_PATHS = NO;
				CLANG_ANALYZER_NONNULL = YES;
				CLANG_ANALYZER_NUMBER_OBJECT_CONVERSION = YES_AGGRESSIVE;
				CLANG_CXX_LANGUAGE_STANDARD = "gnu++14";
				CLANG_CXX_LIBRARY = "libc++";
				CLANG_ENABLE_MODULES = YES;
				CLANG_ENABLE_OBJC_ARC = YES;
				CLANG_ENABLE_OBJC_WEAK = YES;
				CLANG_WARN_BLOCK_CAPTURE_AUTORELEASING = YES;
				CLANG_WARN_BOOL_CONVERSION = YES;
				CLANG_WARN_COMMA = YES;
				CLANG_WARN_CONSTANT_CONVERSION = YES;
				CLANG_WARN_DEPRECATED_OBJC_IMPLEMENTATIONS = YES;
				CLANG_WARN_DIRECT_OBJC_ISA_USAGE = YES_ERROR;
				CLANG_WARN_DOCUMENTATION_COMMENTS = YES;
				CLANG_WARN_EMPTY_BODY = YES;
				CLANG_WARN_ENUM_CONVERSION = YES;
				CLANG_WARN_INFINITE_RECURSION = YES;
				CLANG_WARN_INT_CONVERSION = YES;
				CLANG_WARN_NON_LITERAL_NULL_CONVERSION = YES;
				CLANG_WARN_OBJC_IMPLICIT_RETAIN_SELF = YES;
				CLANG_WARN_OBJC_LITERAL_CONVERSION = YES;
				CLANG_WARN_OBJC_ROOT_CLASS = YES_ERROR;
				CLANG_WARN_RANGE_LOOP_ANALYSIS = YES;
				CLANG_WARN_STRICT_PROTOTYPES = YES;
				CLANG_WARN_SUSPICIOUS_MOVE = YES;
				CLANG_WARN_UNGUARDED_AVAILABILITY = YES_AGGRESSIVE;
				CLANG_WARN_UNREACHABLE_CODE = YES;
				CLANG_WARN__DUPLICATE_METHOD_MATCH = YES;
				CODE_SIGN_IDENTITY = "iPhone Developer";
				COPY_PHASE_STRIP = NO;
				DEBUG_INFORMATION_FORMAT = dwarf;
				ENABLE_STRICT_OBJC_MSGSEND = YES;
				ENABLE_TESTABILITY = YES;
				GCC_C_LANGUAGE_STANDARD = gnu11;
				GCC_DYNAMIC_NO_PIC = NO;
				GCC_NO_COMMON_BLOCKS = YES;
				GCC_OPTIMIZATION_LEVEL = 0;
				GCC_PREPROCESSOR_DEFINITIONS = (
					"DEBUG=1",
					"$(inherited)",
				);
				GCC_WARN_64_TO_32_BIT_CONVERSION = YES;
				GCC_WARN_ABOUT_RETURN_TYPE = YES_ERROR;
				GCC_WARN_UNDECLARED_SELECTOR = YES;
				GCC_WARN_UNINITIALIZED_AUTOS = YES_AGGRESSIVE;
				GCC_WARN_UNUSED_FUNCTION = YES;
				GCC_WARN_UNUSED_VARIABLE = YES;
				IPHONEOS_DEPLOYMENT_TARGET = 12.4;
				MTL_ENABLE_DEBUG_INFO = INCLUDE_SOURCE;
				MTL_FAST_MATH = YES;
				ONLY_ACTIVE_ARCH = YES;
				OTHER_LDFLAGS = "-ObjC";
				SDKROOT = iphoneos;
			};
			name = Debug;
		};
		55787C85234AD3A5000251C2 /* Release */ = {
			isa = XCBuildConfiguration;
			buildSettings = {
				ALWAYS_SEARCH_USER_PATHS = NO;
				CLANG_ANALYZER_NONNULL = YES;
				CLANG_ANALYZER_NUMBER_OBJECT_CONVERSION = YES_AGGRESSIVE;
				CLANG_CXX_LANGUAGE_STANDARD = "gnu++14";
				CLANG_CXX_LIBRARY = "libc++";
				CLANG_ENABLE_MODULES = YES;
				CLANG_ENABLE_OBJC_ARC = YES;
				CLANG_ENABLE_OBJC_WEAK = YES;
				CLANG_WARN_BLOCK_CAPTURE_AUTORELEASING = YES;
				CLANG_WARN_BOOL_CONVERSION = YES;
				CLANG_WARN_COMMA = YES;
				CLANG_WARN_CONSTANT_CONVERSION = YES;
				CLANG_WARN_DEPRECATED_OBJC_IMPLEMENTATIONS = YES;
				CLANG_WARN_DIRECT_OBJC_ISA_USAGE = YES_ERROR;
				CLANG_WARN_DOCUMENTATION_COMMENTS = YES;
				CLANG_WARN_EMPTY_BODY = YES;
				CLANG_WARN_ENUM_CONVERSION = YES;
				CLANG_WARN_INFINITE_RECURSION = YES;
				CLANG_WARN_INT_CONVERSION = YES;
				CLANG_WARN_NON_LITERAL_NULL_CONVERSION = YES;
				CLANG_WARN_OBJC_IMPLICIT_RETAIN_SELF = YES;
				CLANG_WARN_OBJC_LITERAL_CONVERSION = YES;
				CLANG_WARN_OBJC_ROOT_CLASS = YES_ERROR;
				CLANG_WARN_RANGE_LOOP_ANALYSIS = YES;
				CLANG_WARN_STRICT_PROTOTYPES = YES;
				CLANG_WARN_SUSPICIOUS_MOVE = YES;
				CLANG_WARN_UNGUARDED_AVAILABILITY = YES_AGGRESSIVE;
				CLANG_WARN_UNREACHABLE_CODE = YES;
				CLANG_WARN__DUPLICATE_METHOD_MATCH = YES;
				CODE_SIGN_IDENTITY = "iPhone Developer";
				COPY_PHASE_STRIP = NO;
				DEBUG_INFORMATION_FORMAT = "dwarf-with-dsym";
				ENABLE_NS_ASSERTIONS = NO;
				ENABLE_STRICT_OBJC_MSGSEND = YES;
				GCC_C_LANGUAGE_STANDARD = gnu11;
				GCC_NO_COMMON_BLOCKS = YES;
				GCC_WARN_64_TO_32_BIT_CONVERSION = YES;
				GCC_WARN_ABOUT_RETURN_TYPE = YES_ERROR;
				GCC_WARN_UNDECLARED_SELECTOR = YES;
				GCC_WARN_UNINITIALIZED_AUTOS = YES_AGGRESSIVE;
				GCC_WARN_UNUSED_FUNCTION = YES;
				GCC_WARN_UNUSED_VARIABLE = YES;
				IPHONEOS_DEPLOYMENT_TARGET = 12.4;
				MTL_ENABLE_DEBUG_INFO = NO;
				MTL_FAST_MATH = YES;
				OTHER_LDFLAGS = "-ObjC";
				SDKROOT = iphoneos;
				VALIDATE_PRODUCT = YES;
			};
			name = Release;
		};
		55787C87234AD3A5000251C2 /* Debug */ = {
			isa = XCBuildConfiguration;
			baseConfigurationReference = DF918A79D4FD0EACAA4EAF98 /* Pods-Demo Objective C.debug.xcconfig */;
			buildSettings = {
				ASSETCATALOG_COMPILER_APPICON_NAME = AppIcon;
				CODE_SIGN_STYLE = Automatic;
				DEVELOPMENT_TEAM = 4ASLFJP3M3;
				INFOPLIST_FILE = "$(SRCROOT)/Demo Objective C/Resource/Info.plist";
				LD_RUNPATH_SEARCH_PATHS = (
					"$(inherited)",
					"@executable_path/Frameworks",
				);
				PRODUCT_BUNDLE_IDENTIFIER = "DongNV.Demo-Objective-C";
				PRODUCT_NAME = "$(TARGET_NAME)";
				TARGETED_DEVICE_FAMILY = "1,2";
			};
			name = Debug;
		};
		55787C88234AD3A5000251C2 /* Release */ = {
			isa = XCBuildConfiguration;
			baseConfigurationReference = 900DA06BE578546A18D374EE /* Pods-Demo Objective C.release.xcconfig */;
			buildSettings = {
				ASSETCATALOG_COMPILER_APPICON_NAME = AppIcon;
				CODE_SIGN_STYLE = Automatic;
				DEVELOPMENT_TEAM = 4ASLFJP3M3;
				INFOPLIST_FILE = "$(SRCROOT)/Demo Objective C/Resource/Info.plist";
				LD_RUNPATH_SEARCH_PATHS = (
					"$(inherited)",
					"@executable_path/Frameworks",
				);
				PRODUCT_BUNDLE_IDENTIFIER = "DongNV.Demo-Objective-C";
				PRODUCT_NAME = "$(TARGET_NAME)";
				TARGETED_DEVICE_FAMILY = "1,2";
			};
			name = Release;
		};
/* End XCBuildConfiguration section */

/* Begin XCConfigurationList section */
		55787C6B234AD3A4000251C2 /* Build configuration list for PBXProject "Demo Objective C" */ = {
			isa = XCConfigurationList;
			buildConfigurations = (
				55787C84234AD3A5000251C2 /* Debug */,
				55787C85234AD3A5000251C2 /* Release */,
			);
			defaultConfigurationIsVisible = 0;
			defaultConfigurationName = Release;
		};
		55787C86234AD3A5000251C2 /* Build configuration list for PBXNativeTarget "Demo Objective C" */ = {
			isa = XCConfigurationList;
			buildConfigurations = (
				55787C87234AD3A5000251C2 /* Debug */,
				55787C88234AD3A5000251C2 /* Release */,
			);
			defaultConfigurationIsVisible = 0;
			defaultConfigurationName = Release;
		};
/* End XCConfigurationList section */
	};
	rootObject = 55787C68234AD3A4000251C2 /* Project object */;
}
